<?xml version="1.0" encoding="UTF-8" standalone="yes" ?>
<CodeBlocks_project_file>
	<FileVersion major="1" minor="6" />
	<Project>
		<Option title="OOP4" />
		<Option pch_mode="2" />
		<Option compiler="gcc" />
		<Build>
			<Target title="Debug">
				<Option output="bin/Debug/OOP4" prefix_auto="1" extension_auto="1" />
				<Option object_output="obj/Debug/" />
				<Option type="1" />
				<Option compiler="gcc" />
				<Compiler>
					<Add option="-g" />
				</Compiler>
			</Target>
			<Target title="Release">
				<Option output="bin/Release/OOP4" prefix_auto="1" extension_auto="1" />
				<Option object_output="obj/Release/" />
				<Option type="1" />
				<Option compiler="gcc" />
				<Compiler>
					<Add option="-O2" />
				</Compiler>
				<Linker>
					<Add option="-s" />
				</Linker>
			</Target>
		</Build>
		<Compiler>
			<Add option="-Wall" />
			<Add option="-fexceptions" />
		</Compiler>
		<Unit filename="CodonsTable.cpp" />
		<Unit filename="CodonsTable.h" />
		<Unit filename="DNA.cpp" />
		<Unit filename="DNA.h" />
		<Unit filename="Protein.cpp" />
		<Unit filename="Protein.h" />
		<Unit filename="RNA.cpp">
			<Option link="0" />
		</Unit>
		<Unit filename="RNA.h" />
		<Unit filename="Sequence.cpp" />
		<Unit filename="Sequence.h" />
		<Unit filename="System.cpp" />
		<Unit filename="System.h" />
		<Unit filename="exceptions.cpp" />
		<Unit filename="exceptions.h" />
		<Unit filename="main.cpp" />
		<Extensions>
			<code_completion />
			<envvars />
			<debugger />
		</Extensions>
	</Project>
</CodeBlocks_project_file>
